
Microsoft Visual Studio Solution File, Format Version 12.00
# Visual Studio 15
VisualStudioVersion = 15.0.27703.2035
MinimumVisualStudioVersion = 10.0.40219.1
Project("{FAE04EC0-301F-11D3-BF4B-00C04F79EFBC}") = "qk-biz", "qk-biz\qk-biz.csproj", "{9FA04387-BFBC-4B67-AA39-98E95954299C}"
EndProject
Global
	GlobalSection(SolutionConfigurationPlatforms) = preSolution
		Debug|Any CPU = Debug|Any CPU
		Release|Any CPU = Release|Any CPU
	EndGlobalSection
	GlobalSection(ProjectConfigurationPlatforms) = postSolution
		{9FA04387-BFBC-4B67-AA39-98E95954299C}.Debug|Any CPU.ActiveCfg = Debug|Any CPU
		{9FA04387-BFBC-4B67-AA39-98E95954299C}.Debug|Any CPU.Build.0 = Debug|Any CPU
		{9FA04387-BFBC-4B67-AA39-98E95954299C}.Release|Any CPU.ActiveCfg = Release|Any CPU
		{9FA04387-BFBC-4B67-AA39-98E95954299C}.Release|Any CPU.Build.0 = Release|Any CPU
	EndGlobalSection
	GlobalSection(SolutionProperties) = preSolution
		HideSolutionNode = FALSE
	EndGlobalSection
	GlobalSection(ExtensibilityGlobals) = postSolution
		SolutionGuid = {859C2F47-1E82-45A0-834C-2FAA4DBF5565}
	EndGlobalSection
EndGlobal
